
Microsoft Visual Studio Solution File, Format Version 12.00
# Visual Studio Version 18
VisualStudioVersion = 18.3.11505.172 d18.3
MinimumVisualStudioVersion = 10.0.40219.1
Project("{2150E333-8FDC-42A3-9474-1A3956D46DE8}") = "src", "src", "{827E0CD3-B72D-47B6-A68D-7590B98EB39B}"
EndProject
Project("{FAE04EC0-301F-11D3-BF4B-00C04F79EFBC}") = "Corsinvest.ProxmoxVE.Admin.Core", "src\Corsinvest.ProxmoxVE.Admin.Core\Corsinvest.ProxmoxVE.Admin.Core.csproj", "{98DFB2BD-5B9D-473A-95C0-BD519A81D726}"
EndProject
Project("{FAE04EC0-301F-11D3-BF4B-00C04F79EFBC}") = "Corsinvest.ProxmoxVE.Admin", "src\Corsinvest.ProxmoxVE.Admin\Corsinvest.ProxmoxVE.Admin.csproj", "{70C97348-2226-47E4-8930-31DD5A4D4E25}"
EndProject
Project("{FAE04EC0-301F-11D3-BF4B-00C04F79EFBC}") = "Corsinvest.ProxmoxVE.Admin.Module.System", "src\Corsinvest.ProxmoxVE.Admin.Module.System\Corsinvest.ProxmoxVE.Admin.Module.System.csproj", "{37BE8A2F-DC24-4731-914D-DD8FE6EDE41B}"
EndProject
Project("{FAE04EC0-301F-11D3-BF4B-00C04F79EFBC}") = "Corsinvest.ProxmoxVE.Admin.Module.AutoSnap", "src\Corsinvest.ProxmoxVE.Admin.Module.AutoSnap\Corsinvest.ProxmoxVE.Admin.Module.AutoSnap.csproj", "{D5B83ABF-B791-43AB-BAF9-A19C19728BCF}"
EndProject
Project("{FAE04EC0-301F-11D3-BF4B-00C04F79EFBC}") = "Corsinvest.ProxmoxVE.Admin.Module.BackupAnalytics", "src\Corsinvest.ProxmoxVE.Admin.Module.BackupAnalytics\Corsinvest.ProxmoxVE.Admin.Module.BackupAnalytics.csproj", "{8D397CB6-6E57-4AC2-B62B-8A8C30BF23D3}"
EndProject
Project("{FAE04EC0-301F-11D3-BF4B-00C04F79EFBC}") = "Corsinvest.ProxmoxVE.Admin.Module.AIServer", "src\Corsinvest.ProxmoxVE.Admin.Module.AIServer\Corsinvest.ProxmoxVE.Admin.Module.AIServer.csproj", "{AE59734D-1BCA-413D-B95F-181E3217A410}"
EndProject
Project("{FAE04EC0-301F-11D3-BF4B-00C04F79EFBC}") = "Corsinvest.ProxmoxVE.Admin.Module.Dashboard", "src\Corsinvest.ProxmoxVE.Admin.Module.Dashboard\Corsinvest.ProxmoxVE.Admin.Module.Dashboard.csproj", "{1DF22BFE-2A16-44A0-8963-00F146447789}"
EndProject
Project("{FAE04EC0-301F-11D3-BF4B-00C04F79EFBC}") = "Corsinvest.ProxmoxVE.Admin.Module.Diagnostic", "src\Corsinvest.ProxmoxVE.Admin.Module.Diagnostic\Corsinvest.ProxmoxVE.Admin.Module.Diagnostic.csproj", "{DBCCCDDB-5334-4A58-B8BC-654DE5A90BE8}"
EndProject
Project("{FAE04EC0-301F-11D3-BF4B-00C04F79EFBC}") = "Corsinvest.ProxmoxVE.Admin.Module.MetricsExporter", "src\Corsinvest.ProxmoxVE.Admin.Module.MetricsExporter\Corsinvest.ProxmoxVE.Admin.Module.MetricsExporter.csproj", "{34308C15-1729-45F5-A167-C9086EF27BA5}"
EndProject
Project("{FAE04EC0-301F-11D3-BF4B-00C04F79EFBC}") = "Corsinvest.ProxmoxVE.Admin.Module.NodeProtect", "src\Corsinvest.ProxmoxVE.Admin.Module.NodeProtect\Corsinvest.ProxmoxVE.Admin.Module.NodeProtect.csproj", "{6DD85B4A-7043-45D6-97DF-6AE1909AAAAB}"
EndProject
Project("{FAE04EC0-301F-11D3-BF4B-00C04F79EFBC}") = "Corsinvest.ProxmoxVE.Admin.Module.Profile", "src\Corsinvest.ProxmoxVE.Admin.Module.Profile\Corsinvest.ProxmoxVE.Admin.Module.Profile.csproj", "{77ED9D9A-913E-4B97-8297-AF8905E5C0C3}"
EndProject
Project("{FAE04EC0-301F-11D3-BF4B-00C04F79EFBC}") = "Corsinvest.ProxmoxVE.Admin.Module.ReplicationAnalytics", "src\Corsinvest.ProxmoxVE.Admin.Module.ReplicationAnalytics\Corsinvest.ProxmoxVE.Admin.Module.ReplicationAnalytics.csproj", "{609DAFD5-4F85-4E2F-ADF3-C4D4E3517F1A}"
EndProject
Project("{FAE04EC0-301F-11D3-BF4B-00C04F79EFBC}") = "Corsinvest.ProxmoxVE.Admin.Module.Resources", "src\Corsinvest.ProxmoxVE.Admin.Module.Resources\Corsinvest.ProxmoxVE.Admin.Module.Resources.csproj", "{2AC2B57B-3938-4717-8029-F11E210D1F57}"
EndProject
Project("{FAE04EC0-301F-11D3-BF4B-00C04F79EFBC}") = "Corsinvest.ProxmoxVE.Admin.Module.SystemReport", "src\Corsinvest.ProxmoxVE.Admin.Module.SystemReport\Corsinvest.ProxmoxVE.Admin.Module.SystemReport.csproj", "{E9EA80B6-9B5D-4001-B2D5-50BBFA8A811C}"
EndProject
Project("{FAE04EC0-301F-11D3-BF4B-00C04F79EFBC}") = "Corsinvest.ProxmoxVE.Admin.Module.Updater", "src\Corsinvest.ProxmoxVE.Admin.Module.Updater\Corsinvest.ProxmoxVE.Admin.Module.Updater.csproj", "{4329D3E6-097F-48E2-BF54-EB06FB0DAC8A}"
EndProject
Project("{FAE04EC0-301F-11D3-BF4B-00C04F79EFBC}") = "Corsinvest.ProxmoxVE.Admin.AppHost", "src\Corsinvest.ProxmoxVE.Admin.AppHost\Corsinvest.ProxmoxVE.Admin.AppHost.csproj", "{00C2FC15-15B0-405F-A8E1-2D9BA7CFE10C}"
EndProject
Project("{FAE04EC0-301F-11D3-BF4B-00C04F79EFBC}") = "Corsinvest.ProxmoxVE.Admin.Module.Bots", "src\Corsinvest.ProxmoxVE.Admin.Module.Bots\Corsinvest.ProxmoxVE.Admin.Module.Bots.csproj", "{374DB82F-F39A-5134-0539-FBF760279D58}"
EndProject
Project("{FAE04EC0-301F-11D3-BF4B-00C04F79EFBC}") = "Corsinvest.ProxmoxVE.Admin.Module.Notifier", "src\Corsinvest.ProxmoxVE.Admin.Module.Notifier\Corsinvest.ProxmoxVE.Admin.Module.Notifier.csproj", "{99295244-13C8-552F-2B19-F2DFE5F20364}"
EndProject
Global
	GlobalSection(SolutionConfigurationPlatforms) = preSolution
		Debug|Any CPU = Debug|Any CPU
		Debug|x64 = Debug|x64
		Debug|x86 = Debug|x86
		Release|Any CPU = Release|Any CPU
		Release|x64 = Release|x64
		Release|x86 = Release|x86
	EndGlobalSection
	GlobalSection(ProjectConfigurationPlatforms) = postSolution
		{98DFB2BD-5B9D-473A-95C0-BD519A81D726}.Debug|Any CPU.ActiveCfg = Debug|Any CPU
		{98DFB2BD-5B9D-473A-95C0-BD519A81D726}.Debug|Any CPU.Build.0 = Debug|Any CPU
		{98DFB2BD-5B9D-473A-95C0-BD519A81D726}.Debug|x64.ActiveCfg = Debug|Any CPU
		{98DFB2BD-5B9D-473A-95C0-BD519A81D726}.Debug|x64.Build.0 = Debug|Any CPU
		{98DFB2BD-5B9D-473A-95C0-BD519A81D726}.Debug|x86.ActiveCfg = Debug|Any CPU
		{98DFB2BD-5B9D-473A-95C0-BD519A81D726}.Debug|x86.Build.0 = Debug|Any CPU
		{98DFB2BD-5B9D-473A-95C0-BD519A81D726}.Release|Any CPU.ActiveCfg = Release|Any CPU
		{98DFB2BD-5B9D-473A-95C0-BD519A81D726}.Release|Any CPU.Build.0 = Release|Any CPU
		{98DFB2BD-5B9D-473A-95C0-BD519A81D726}.Release|x64.ActiveCfg = Release|Any CPU
		{98DFB2BD-5B9D-473A-95C0-BD519A81D726}.Release|x64.Build.0 = Release|Any CPU
		{98DFB2BD-5B9D-473A-95C0-BD519A81D726}.Release|x86.ActiveCfg = Release|Any CPU
		{98DFB2BD-5B9D-473A-95C0-BD519A81D726}.Release|x86.Build.0 = Release|Any CPU
		{70C97348-2226-47E4-8930-31DD5A4D4E25}.Debug|Any CPU.ActiveCfg = Debug|Any CPU
		{70C97348-2226-47E4-8930-31DD5A4D4E25}.Debug|Any CPU.Build.0 = Debug|Any CPU
		{70C97348-2226-47E4-8930-31DD5A4D4E25}.Debug|x64.ActiveCfg = Debug|Any CPU
		{70C97348-2226-47E4-8930-31DD5A4D4E25}.Debug|x64.Build.0 = Debug|Any CPU
		{70C97348-2226-47E4-8930-31DD5A4D4E25}.Debug|x86.ActiveCfg = Debug|Any CPU
		{70C97348-2226-47E4-8930-31DD5A4D4E25}.Debug|x86.Build.0 = Debug|Any CPU
		{70C97348-2226-47E4-8930-31DD5A4D4E25}.Release|Any CPU.ActiveCfg = Release|Any CPU
		{70C97348-2226-47E4-8930-31DD5A4D4E25}.Release|Any CPU.Build.0 = Release|Any CPU
		{70C97348-2226-47E4-8930-31DD5A4D4E25}.Release|x64.ActiveCfg = Release|Any CPU
		{70C97348-2226-47E4-8930-31DD5A4D4E25}.Release|x64.Build.0 = Release|Any CPU
		{70C97348-2226-47E4-8930-31DD5A4D4E25}.Release|x86.ActiveCfg = Release|Any CPU
		{70C97348-2226-47E4-8930-31DD5A4D4E25}.Release|x86.Build.0 = Release|Any CPU
		{37BE8A2F-DC24-4731-914D-DD8FE6EDE41B}.Debug|Any CPU.ActiveCfg = Debug|Any CPU
		{37BE8A2F-DC24-4731-914D-DD8FE6EDE41B}.Debug|Any CPU.Build.0 = Debug|Any CPU
		{37BE8A2F-DC24-4731-914D-DD8FE6EDE41B}.Debug|x64.ActiveCfg = Debug|Any CPU
		{37BE8A2F-DC24-4731-914D-DD8FE6EDE41B}.Debug|x64.Build.0 = Debug|Any CPU
		{37BE8A2F-DC24-4731-914D-DD8FE6EDE41B}.Debug|x86.ActiveCfg = Debug|Any CPU
		{37BE8A2F-DC24-4731-914D-DD8FE6EDE41B}.Debug|x86.Build.0 = Debug|Any CPU
		{37BE8A2F-DC24-4731-914D-DD8FE6EDE41B}.Release|Any CPU.ActiveCfg = Release|Any CPU
		{37BE8A2F-DC24-4731-914D-DD8FE6EDE41B}.Release|Any CPU.Build.0 = Release|Any CPU
		{37BE8A2F-DC24-4731-914D-DD8FE6EDE41B}.Release|x64.ActiveCfg = Release|Any CPU
		{37BE8A2F-DC24-4731-914D-DD8FE6EDE41B}.Release|x64.Build.0 = Release|Any CPU
		{37BE8A2F-DC24-4731-914D-DD8FE6EDE41B}.Release|x86.ActiveCfg = Release|Any CPU
		{37BE8A2F-DC24-4731-914D-DD8FE6EDE41B}.Release|x86.Build.0 = Release|Any CPU
		{D5B83ABF-B791-43AB-BAF9-A19C19728BCF}.Debug|Any CPU.ActiveCfg = Debug|Any CPU
		{D5B83ABF-B791-43AB-BAF9-A19C19728BCF}.Debug|Any CPU.Build.0 = Debug|Any CPU
		{D5B83ABF-B791-43AB-BAF9-A19C19728BCF}.Debug|x64.ActiveCfg = Debug|Any CPU
		{D5B83ABF-B791-43AB-BAF9-A19C19728BCF}.Debug|x64.Build.0 = Debug|Any CPU
		{D5B83ABF-B791-43AB-BAF9-A19C19728BCF}.Debug|x86.ActiveCfg = Debug|Any CPU
		{D5B83ABF-B791-43AB-BAF9-A19C19728BCF}.Debug|x86.Build.0 = Debug|Any CPU
		{D5B83ABF-B791-43AB-BAF9-A19C19728BCF}.Release|Any CPU.ActiveCfg = Release|Any CPU
		{D5B83ABF-B791-43AB-BAF9-A19C19728BCF}.Release|Any CPU.Build.0 = Release|Any CPU
		{D5B83ABF-B791-43AB-BAF9-A19C19728BCF}.Release|x64.ActiveCfg = Release|Any CPU
		{D5B83ABF-B791-43AB-BAF9-A19C19728BCF}.Release|x64.Build.0 = Release|Any CPU
		{D5B83ABF-B791-43AB-BAF9-A19C19728BCF}.Release|x86.ActiveCfg = Release|Any CPU
		{D5B83ABF-B791-43AB-BAF9-A19C19728BCF}.Release|x86.Build.0 = Release|Any CPU
		{8D397CB6-6E57-4AC2-B62B-8A8C30BF23D3}.Debug|Any CPU.ActiveCfg = Debug|Any CPU
		{8D397CB6-6E57-4AC2-B62B-8A8C30BF23D3}.Debug|Any CPU.Build.0 = Debug|Any CPU
		{8D397CB6-6E57-4AC2-B62B-8A8C30BF23D3}.Debug|x64.ActiveCfg = Debug|Any CPU
		{8D397CB6-6E57-4AC2-B62B-8A8C30BF23D3}.Debug|x64.Build.0 = Debug|Any CPU
		{8D397CB6-6E57-4AC2-B62B-8A8C30BF23D3}.Debug|x86.ActiveCfg = Debug|Any CPU
		{8D397CB6-6E57-4AC2-B62B-8A8C30BF23D3}.Debug|x86.Build.0 = Debug|Any CPU
		{8D397CB6-6E57-4AC2-B62B-8A8C30BF23D3}.Release|Any CPU.ActiveCfg = Release|Any CPU
		{8D397CB6-6E57-4AC2-B62B-8A8C30BF23D3}.Release|Any CPU.Build.0 = Release|Any CPU
		{8D397CB6-6E57-4AC2-B62B-8A8C30BF23D3}.Release|x64.ActiveCfg = Release|Any CPU
		{8D397CB6-6E57-4AC2-B62B-8A8C30BF23D3}.Release|x64.Build.0 = Release|Any CPU
		{8D397CB6-6E57-4AC2-B62B-8A8C30BF23D3}.Release|x86.ActiveCfg = Release|Any CPU
		{8D397CB6-6E57-4AC2-B62B-8A8C30BF23D3}.Release|x86.Build.0 = Release|Any CPU
		{AE59734D-1BCA-413D-B95F-181E3217A410}.Debug|Any CPU.ActiveCfg = Debug|Any CPU
		{AE59734D-1BCA-413D-B95F-181E3217A410}.Debug|Any CPU.Build.0 = Debug|Any CPU
		{AE59734D-1BCA-413D-B95F-181E3217A410}.Debug|x64.ActiveCfg = Debug|Any CPU
		{AE59734D-1BCA-413D-B95F-181E3217A410}.Debug|x64.Build.0 = Debug|Any CPU
		{AE59734D-1BCA-413D-B95F-181E3217A410}.Debug|x86.ActiveCfg = Debug|Any CPU
		{AE59734D-1BCA-413D-B95F-181E3217A410}.Debug|x86.Build.0 = Debug|Any CPU
		{AE59734D-1BCA-413D-B95F-181E3217A410}.Release|Any CPU.ActiveCfg = Release|Any CPU
		{AE59734D-1BCA-413D-B95F-181E3217A410}.Release|Any CPU.Build.0 = Release|Any CPU
		{AE59734D-1BCA-413D-B95F-181E3217A410}.Release|x64.ActiveCfg = Release|Any CPU
		{AE59734D-1BCA-413D-B95F-181E3217A410}.Release|x64.Build.0 = Release|Any CPU
		{AE59734D-1BCA-413D-B95F-181E3217A410}.Release|x86.ActiveCfg = Release|Any CPU
		{AE59734D-1BCA-413D-B95F-181E3217A410}.Release|x86.Build.0 = Release|Any CPU
		{1DF22BFE-2A16-44A0-8963-00F146447789}.Debug|Any CPU.ActiveCfg = Debug|Any CPU
		{1DF22BFE-2A16-44A0-8963-00F146447789}.Debug|Any CPU.Build.0 = Debug|Any CPU
		{1DF22BFE-2A16-44A0-8963-00F146447789}.Debug|x64.ActiveCfg = Debug|Any CPU
		{1DF22BFE-2A16-44A0-8963-00F146447789}.Debug|x64.Build.0 = Debug|Any CPU
		{1DF22BFE-2A16-44A0-8963-00F146447789}.Debug|x86.ActiveCfg = Debug|Any CPU
		{1DF22BFE-2A16-44A0-8963-00F146447789}.Debug|x86.Build.0 = Debug|Any CPU
		{1DF22BFE-2A16-44A0-8963-00F146447789}.Release|Any CPU.ActiveCfg = Release|Any CPU
		{1DF22BFE-2A16-44A0-8963-00F146447789}.Release|Any CPU.Build.0 = Release|Any CPU
		{1DF22BFE-2A16-44A0-8963-00F146447789}.Release|x64.ActiveCfg = Release|Any CPU
		{1DF22BFE-2A16-44A0-8963-00F146447789}.Release|x64.Build.0 = Release|Any CPU
		{1DF22BFE-2A16-44A0-8963-00F146447789}.Release|x86.ActiveCfg = Release|Any CPU
		{1DF22BFE-2A16-44A0-8963-00F146447789}.Release|x86.Build.0 = Release|Any CPU
		{DBCCCDDB-5334-4A58-B8BC-654DE5A90BE8}.Debug|Any CPU.ActiveCfg = Debug|Any CPU
		{DBCCCDDB-5334-4A58-B8BC-654DE5A90BE8}.Debug|Any CPU.Build.0 = Debug|Any CPU
		{DBCCCDDB-5334-4A58-B8BC-654DE5A90BE8}.Debug|x64.ActiveCfg = Debug|Any CPU
		{DBCCCDDB-5334-4A58-B8BC-654DE5A90BE8}.Debug|x64.Build.0 = Debug|Any CPU
		{DBCCCDDB-5334-4A58-B8BC-654DE5A90BE8}.Debug|x86.ActiveCfg = Debug|Any CPU
		{DBCCCDDB-5334-4A58-B8BC-654DE5A90BE8}.Debug|x86.Build.0 = Debug|Any CPU
		{DBCCCDDB-5334-4A58-B8BC-654DE5A90BE8}.Release|Any CPU.ActiveCfg = Release|Any CPU
		{DBCCCDDB-5334-4A58-B8BC-654DE5A90BE8}.Release|Any CPU.Build.0 = Release|Any CPU
		{DBCCCDDB-5334-4A58-B8BC-654DE5A90BE8}.Release|x64.ActiveCfg = Release|Any CPU
		{DBCCCDDB-5334-4A58-B8BC-654DE5A90BE8}.Release|x64.Build.0 = Release|Any CPU
		{DBCCCDDB-5334-4A58-B8BC-654DE5A90BE8}.Release|x86.ActiveCfg = Release|Any CPU
		{DBCCCDDB-5334-4A58-B8BC-654DE5A90BE8}.Release|x86.Build.0 = Release|Any CPU
		{34308C15-1729-45F5-A167-C9086EF27BA5}.Debug|Any CPU.ActiveCfg = Debug|Any CPU
		{34308C15-1729-45F5-A167-C9086EF27BA5}.Debug|Any CPU.Build.0 = Debug|Any CPU
		{34308C15-1729-45F5-A167-C9086EF27BA5}.Debug|x64.ActiveCfg = Debug|Any CPU
		{34308C15-1729-45F5-A167-C9086EF27BA5}.Debug|x64.Build.0 = Debug|Any CPU
		{34308C15-1729-45F5-A167-C9086EF27BA5}.Debug|x86.ActiveCfg = Debug|Any CPU
		{34308C15-1729-45F5-A167-C9086EF27BA5}.Debug|x86.Build.0 = Debug|Any CPU
		{34308C15-1729-45F5-A167-C9086EF27BA5}.Release|Any CPU.ActiveCfg = Release|Any CPU
		{34308C15-1729-45F5-A167-C9086EF27BA5}.Release|Any CPU.Build.0 = Release|Any CPU
		{34308C15-1729-45F5-A167-C9086EF27BA5}.Release|x64.ActiveCfg = Release|Any CPU
		{34308C15-1729-45F5-A167-C9086EF27BA5}.Release|x64.Build.0 = Release|Any CPU
		{34308C15-1729-45F5-A167-C9086EF27BA5}.Release|x86.ActiveCfg = Release|Any CPU
		{34308C15-1729-45F5-A167-C9086EF27BA5}.Release|x86.Build.0 = Release|Any CPU
		{6DD85B4A-7043-45D6-97DF-6AE1909AAAAB}.Debug|Any CPU.ActiveCfg = Debug|Any CPU
		{6DD85B4A-7043-45D6-97DF-6AE1909AAAAB}.Debug|Any CPU.Build.0 = Debug|Any CPU
		{6DD85B4A-7043-45D6-97DF-6AE1909AAAAB}.Debug|x64.ActiveCfg = Debug|Any CPU
		{6DD85B4A-7043-45D6-97DF-6AE1909AAAAB}.Debug|x64.Build.0 = Debug|Any CPU
		{6DD85B4A-7043-45D6-97DF-6AE1909AAAAB}.Debug|x86.ActiveCfg = Debug|Any CPU
		{6DD85B4A-7043-45D6-97DF-6AE1909AAAAB}.Debug|x86.Build.0 = Debug|Any CPU
		{6DD85B4A-7043-45D6-97DF-6AE1909AAAAB}.Release|Any CPU.ActiveCfg = Release|Any CPU
		{6DD85B4A-7043-45D6-97DF-6AE1909AAAAB}.Release|Any CPU.Build.0 = Release|Any CPU
		{6DD85B4A-7043-45D6-97DF-6AE1909AAAAB}.Release|x64.ActiveCfg = Release|Any CPU
		{6DD85B4A-7043-45D6-97DF-6AE1909AAAAB}.Release|x64.Build.0 = Release|Any CPU
		{6DD85B4A-7043-45D6-97DF-6AE1909AAAAB}.Release|x86.ActiveCfg = Release|Any CPU
		{6DD85B4A-7043-45D6-97DF-6AE1909AAAAB}.Release|x86.Build.0 = Release|Any CPU
		{77ED9D9A-913E-4B97-8297-AF8905E5C0C3}.Debug|Any CPU.ActiveCfg = Debug|Any CPU
		{77ED9D9A-913E-4B97-8297-AF8905E5C0C3}.Debug|Any CPU.Build.0 = Debug|Any CPU
		{77ED9D9A-913E-4B97-8297-AF8905E5C0C3}.Debug|x64.ActiveCfg = Debug|Any CPU
		{77ED9D9A-913E-4B97-8297-AF8905E5C0C3}.Debug|x64.Build.0 = Debug|Any CPU
		{77ED9D9A-913E-4B97-8297-AF8905E5C0C3}.Debug|x86.ActiveCfg = Debug|Any CPU
		{77ED9D9A-913E-4B97-8297-AF8905E5C0C3}.Debug|x86.Build.0 = Debug|Any CPU
		{77ED9D9A-913E-4B97-8297-AF8905E5C0C3}.Release|Any CPU.ActiveCfg = Release|Any CPU
		{77ED9D9A-913E-4B97-8297-AF8905E5C0C3}.Release|Any CPU.Build.0 = Release|Any CPU
		{77ED9D9A-913E-4B97-8297-AF8905E5C0C3}.Release|x64.ActiveCfg = Release|Any CPU
		{77ED9D9A-913E-4B97-8297-AF8905E5C0C3}.Release|x64.Build.0 = Release|Any CPU
		{77ED9D9A-913E-4B97-8297-AF8905E5C0C3}.Release|x86.ActiveCfg = Release|Any CPU
		{77ED9D9A-913E-4B97-8297-AF8905E5C0C3}.Release|x86.Build.0 = Release|Any CPU
		{609DAFD5-4F85-4E2F-ADF3-C4D4E3517F1A}.Debug|Any CPU.ActiveCfg = Debug|Any CPU
		{609DAFD5-4F85-4E2F-ADF3-C4D4E3517F1A}.Debug|Any CPU.Build.0 = Debug|Any CPU
		{609DAFD5-4F85-4E2F-ADF3-C4D4E3517F1A}.Debug|x64.ActiveCfg = Debug|Any CPU
		{609DAFD5-4F85-4E2F-ADF3-C4D4E3517F1A}.Debug|x64.Build.0 = Debug|Any CPU
		{609DAFD5-4F85-4E2F-ADF3-C4D4E3517F1A}.Debug|x86.ActiveCfg = Debug|Any CPU
		{609DAFD5-4F85-4E2F-ADF3-C4D4E3517F1A}.Debug|x86.Build.0 = Debug|Any CPU
		{609DAFD5-4F85-4E2F-ADF3-C4D4E3517F1A}.Release|Any CPU.ActiveCfg = Release|Any CPU
		{609DAFD5-4F85-4E2F-ADF3-C4D4E3517F1A}.Release|Any CPU.Build.0 = Release|Any CPU
		{609DAFD5-4F85-4E2F-ADF3-C4D4E3517F1A}.Release|x64.ActiveCfg = Release|Any CPU
		{609DAFD5-4F85-4E2F-ADF3-C4D4E3517F1A}.Release|x64.Build.0 = Release|Any CPU
		{609DAFD5-4F85-4E2F-ADF3-C4D4E3517F1A}.Release|x86.ActiveCfg = Release|Any CPU
		{609DAFD5-4F85-4E2F-ADF3-C4D4E3517F1A}.Release|x86.Build.0 = Release|Any CPU
		{2AC2B57B-3938-4717-8029-F11E210D1F57}.Debug|Any CPU.ActiveCfg = Debug|Any CPU
		{2AC2B57B-3938-4717-8029-F11E210D1F57}.Debug|Any CPU.Build.0 = Debug|Any CPU
		{2AC2B57B-3938-4717-8029-F11E210D1F57}.Debug|x64.ActiveCfg = Debug|Any CPU
		{2AC2B57B-3938-4717-8029-F11E210D1F57}.Debug|x64.Build.0 = Debug|Any CPU
		{2AC2B57B-3938-4717-8029-F11E210D1F57}.Debug|x86.ActiveCfg = Debug|Any CPU
		{2AC2B57B-3938-4717-8029-F11E210D1F57}.Debug|x86.Build.0 = Debug|Any CPU
		{2AC2B57B-3938-4717-8029-F11E210D1F57}.Release|Any CPU.ActiveCfg = Release|Any CPU
		{2AC2B57B-3938-4717-8029-F11E210D1F57}.Release|Any CPU.Build.0 = Release|Any CPU
		{2AC2B57B-3938-4717-8029-F11E210D1F57}.Release|x64.ActiveCfg = Release|Any CPU
		{2AC2B57B-3938-4717-8029-F11E210D1F57}.Release|x64.Build.0 = Release|Any CPU
		{2AC2B57B-3938-4717-8029-F11E210D1F57}.Release|x86.ActiveCfg = Release|Any CPU
		{2AC2B57B-3938-4717-8029-F11E210D1F57}.Release|x86.Build.0 = Release|Any CPU
		{E9EA80B6-9B5D-4001-B2D5-50BBFA8A811C}.Debug|Any CPU.ActiveCfg = Debug|Any CPU
		{E9EA80B6-9B5D-4001-B2D5-50BBFA8A811C}.Debug|Any CPU.Build.0 = Debug|Any CPU
		{E9EA80B6-9B5D-4001-B2D5-50BBFA8A811C}.Debug|x64.ActiveCfg = Debug|Any CPU
		{E9EA80B6-9B5D-4001-B2D5-50BBFA8A811C}.Debug|x64.Build.0 = Debug|Any CPU
		{E9EA80B6-9B5D-4001-B2D5-50BBFA8A811C}.Debug|x86.ActiveCfg = Debug|Any CPU
		{E9EA80B6-9B5D-4001-B2D5-50BBFA8A811C}.Debug|x86.Build.0 = Debug|Any CPU
		{E9EA80B6-9B5D-4001-B2D5-50BBFA8A811C}.Release|Any CPU.ActiveCfg = Release|Any CPU
		{E9EA80B6-9B5D-4001-B2D5-50BBFA8A811C}.Release|Any CPU.Build.0 = Release|Any CPU
		{E9EA80B6-9B5D-4001-B2D5-50BBFA8A811C}.Release|x64.ActiveCfg = Release|Any CPU
		{E9EA80B6-9B5D-4001-B2D5-50BBFA8A811C}.Release|x64.Build.0 = Release|Any CPU
		{E9EA80B6-9B5D-4001-B2D5-50BBFA8A811C}.Release|x86.ActiveCfg = Release|Any CPU
		{E9EA80B6-9B5D-4001-B2D5-50BBFA8A811C}.Release|x86.Build.0 = Release|Any CPU
		{4329D3E6-097F-48E2-BF54-EB06FB0DAC8A}.Debug|Any CPU.ActiveCfg = Debug|Any CPU
		{4329D3E6-097F-48E2-BF54-EB06FB0DAC8A}.Debug|Any CPU.Build.0 = Debug|Any CPU
		{4329D3E6-097F-48E2-BF54-EB06FB0DAC8A}.Debug|x64.ActiveCfg = Debug|Any CPU
		{4329D3E6-097F-48E2-BF54-EB06FB0DAC8A}.Debug|x64.Build.0 = Debug|Any CPU
		{4329D3E6-097F-48E2-BF54-EB06FB0DAC8A}.Debug|x86.ActiveCfg = Debug|Any CPU
		{4329D3E6-097F-48E2-BF54-EB06FB0DAC8A}.Debug|x86.Build.0 = Debug|Any CPU
		{4329D3E6-097F-48E2-BF54-EB06FB0DAC8A}.Release|Any CPU.ActiveCfg = Release|Any CPU
		{4329D3E6-097F-48E2-BF54-EB06FB0DAC8A}.Release|Any CPU.Build.0 = Release|Any CPU
		{4329D3E6-097F-48E2-BF54-EB06FB0DAC8A}.Release|x64.ActiveCfg = Release|Any CPU
		{4329D3E6-097F-48E2-BF54-EB06FB0DAC8A}.Release|x64.Build.0 = Release|Any CPU
		{4329D3E6-097F-48E2-BF54-EB06FB0DAC8A}.Release|x86.ActiveCfg = Release|Any CPU
		{4329D3E6-097F-48E2-BF54-EB06FB0DAC8A}.Release|x86.Build.0 = Release|Any CPU
		{00C2FC15-15B0-405F-A8E1-2D9BA7CFE10C}.Debug|Any CPU.ActiveCfg = Debug|Any CPU
		{00C2FC15-15B0-405F-A8E1-2D9BA7CFE10C}.Debug|Any CPU.Build.0 = Debug|Any CPU
		{00C2FC15-15B0-405F-A8E1-2D9BA7CFE10C}.Debug|x64.ActiveCfg = Debug|Any CPU
		{00C2FC15-15B0-405F-A8E1-2D9BA7CFE10C}.Debug|x64.Build.0 = Debug|Any CPU
		{00C2FC15-15B0-405F-A8E1-2D9BA7CFE10C}.Debug|x86.ActiveCfg = Debug|Any CPU
		{00C2FC15-15B0-405F-A8E1-2D9BA7CFE10C}.Debug|x86.Build.0 = Debug|Any CPU
		{00C2FC15-15B0-405F-A8E1-2D9BA7CFE10C}.Release|Any CPU.ActiveCfg = Release|Any CPU
		{00C2FC15-15B0-405F-A8E1-2D9BA7CFE10C}.Release|Any CPU.Build.0 = Release|Any CPU
		{00C2FC15-15B0-405F-A8E1-2D9BA7CFE10C}.Release|x64.ActiveCfg = Release|Any CPU
		{00C2FC15-15B0-405F-A8E1-2D9BA7CFE10C}.Release|x64.Build.0 = Release|Any CPU
		{00C2FC15-15B0-405F-A8E1-2D9BA7CFE10C}.Release|x86.ActiveCfg = Release|Any CPU
		{00C2FC15-15B0-405F-A8E1-2D9BA7CFE10C}.Release|x86.Build.0 = Release|Any CPU
		{374DB82F-F39A-5134-0539-FBF760279D58}.Debug|Any CPU.ActiveCfg = Debug|Any CPU
		{374DB82F-F39A-5134-0539-FBF760279D58}.Debug|Any CPU.Build.0 = Debug|Any CPU
		{374DB82F-F39A-5134-0539-FBF760279D58}.Debug|x64.ActiveCfg = Debug|Any CPU
		{374DB82F-F39A-5134-0539-FBF760279D58}.Debug|x64.Build.0 = Debug|Any CPU
		{374DB82F-F39A-5134-0539-FBF760279D58}.Debug|x86.ActiveCfg = Debug|Any CPU
		{374DB82F-F39A-5134-0539-FBF760279D58}.Debug|x86.Build.0 = Debug|Any CPU
		{374DB82F-F39A-5134-0539-FBF760279D58}.Release|Any CPU.ActiveCfg = Release|Any CPU
		{374DB82F-F39A-5134-0539-FBF760279D58}.Release|Any CPU.Build.0 = Release|Any CPU
		{374DB82F-F39A-5134-0539-FBF760279D58}.Release|x64.ActiveCfg = Release|Any CPU
		{374DB82F-F39A-5134-0539-FBF760279D58}.Release|x64.Build.0 = Release|Any CPU
		{374DB82F-F39A-5134-0539-FBF760279D58}.Release|x86.ActiveCfg = Release|Any CPU
		{374DB82F-F39A-5134-0539-FBF760279D58}.Release|x86.Build.0 = Release|Any CPU
		{99295244-13C8-552F-2B19-F2DFE5F20364}.Debug|Any CPU.ActiveCfg = Debug|Any CPU
		{99295244-13C8-552F-2B19-F2DFE5F20364}.Debug|Any CPU.Build.0 = Debug|Any CPU
		{99295244-13C8-552F-2B19-F2DFE5F20364}.Debug|x64.ActiveCfg = Debug|Any CPU
		{99295244-13C8-552F-2B19-F2DFE5F20364}.Debug|x64.Build.0 = Debug|Any CPU
		{99295244-13C8-552F-2B19-F2DFE5F20364}.Debug|x86.ActiveCfg = Debug|Any CPU
		{99295244-13C8-552F-2B19-F2DFE5F20364}.Debug|x86.Build.0 = Debug|Any CPU
		{99295244-13C8-552F-2B19-F2DFE5F20364}.Release|Any CPU.ActiveCfg = Release|Any CPU
		{99295244-13C8-552F-2B19-F2DFE5F20364}.Release|Any CPU.Build.0 = Release|Any CPU
		{99295244-13C8-552F-2B19-F2DFE5F20364}.Release|x64.ActiveCfg = Release|Any CPU
		{99295244-13C8-552F-2B19-F2DFE5F20364}.Release|x64.Build.0 = Release|Any CPU
		{99295244-13C8-552F-2B19-F2DFE5F20364}.Release|x86.ActiveCfg = Release|Any CPU
		{99295244-13C8-552F-2B19-F2DFE5F20364}.Release|x86.Build.0 = Release|Any CPU
	EndGlobalSection
	GlobalSection(SolutionProperties) = preSolution
		HideSolutionNode = FALSE
	EndGlobalSection
	GlobalSection(NestedProjects) = preSolution
		{98DFB2BD-5B9D-473A-95C0-BD519A81D726} = {827E0CD3-B72D-47B6-A68D-7590B98EB39B}
		{70C97348-2226-47E4-8930-31DD5A4D4E25} = {827E0CD3-B72D-47B6-A68D-7590B98EB39B}
		{37BE8A2F-DC24-4731-914D-DD8FE6EDE41B} = {827E0CD3-B72D-47B6-A68D-7590B98EB39B}
		{D5B83ABF-B791-43AB-BAF9-A19C19728BCF} = {827E0CD3-B72D-47B6-A68D-7590B98EB39B}
		{8D397CB6-6E57-4AC2-B62B-8A8C30BF23D3} = {827E0CD3-B72D-47B6-A68D-7590B98EB39B}
		{AE59734D-1BCA-413D-B95F-181E3217A410} = {827E0CD3-B72D-47B6-A68D-7590B98EB39B}
		{1DF22BFE-2A16-44A0-8963-00F146447789} = {827E0CD3-B72D-47B6-A68D-7590B98EB39B}
		{DBCCCDDB-5334-4A58-B8BC-654DE5A90BE8} = {827E0CD3-B72D-47B6-A68D-7590B98EB39B}
		{34308C15-1729-45F5-A167-C9086EF27BA5} = {827E0CD3-B72D-47B6-A68D-7590B98EB39B}
		{6DD85B4A-7043-45D6-97DF-6AE1909AAAAB} = {827E0CD3-B72D-47B6-A68D-7590B98EB39B}
		{77ED9D9A-913E-4B97-8297-AF8905E5C0C3} = {827E0CD3-B72D-47B6-A68D-7590B98EB39B}
		{609DAFD5-4F85-4E2F-ADF3-C4D4E3517F1A} = {827E0CD3-B72D-47B6-A68D-7590B98EB39B}
		{2AC2B57B-3938-4717-8029-F11E210D1F57} = {827E0CD3-B72D-47B6-A68D-7590B98EB39B}
		{E9EA80B6-9B5D-4001-B2D5-50BBFA8A811C} = {827E0CD3-B72D-47B6-A68D-7590B98EB39B}
		{4329D3E6-097F-48E2-BF54-EB06FB0DAC8A} = {827E0CD3-B72D-47B6-A68D-7590B98EB39B}
		{00C2FC15-15B0-405F-A8E1-2D9BA7CFE10C} = {827E0CD3-B72D-47B6-A68D-7590B98EB39B}
		{374DB82F-F39A-5134-0539-FBF760279D58} = {827E0CD3-B72D-47B6-A68D-7590B98EB39B}
		{99295244-13C8-552F-2B19-F2DFE5F20364} = {827E0CD3-B72D-47B6-A68D-7590B98EB39B}
	EndGlobalSection
	GlobalSection(ExtensibilityGlobals) = postSolution
		SolutionGuid = {BBC29291-DBA8-42D8-B0E2-2140F08BA79D}
	EndGlobalSection
EndGlobal
